{
    "_meta": {
        "hash": {
            "sha256": "ff128fba79dc9752188c7f8caaf801075e0967680ce847e3bca1f928ea22a832"
        },
        "pipfile-spec": 6,
        "requires": {
            "python_full_version": "3.9.18",
            "python_version": "3.9"
        },
        "sources": [
            {
                "name": "pypi",
                "url": "https://pypi.org/simple",
                "verify_ssl": true
            }
        ]
    },
    "default": {},
    "develop": {}
}
